
Microsoft Visual Studio Solution File, Format Version 12.00
Project("{2150E333-8FDC-42A3-9474-1A3956D46DE8}") = "Core", "Core", "{E56496AA-29D3-4CA8-B24E-5B08780EE98B}"
EndProject
Project("{2150E333-8FDC-42A3-9474-1A3956D46DE8}") = "Infrastructure", "Infrastructure", "{CAD2DC0D-768D-472B-85C1-800FCA227C54}"
EndProject
Project("{2150E333-8FDC-42A3-9474-1A3956D46DE8}") = "Presentation", "Presentation", "{C8C24C14-6921-4C65-8189-3D092F4FA102}"
EndProject
Project("{FAE04EC0-301F-11D3-BF4B-00C04F79EFBC}") = "UserService.Api", "UserService.Api\UserService.Api.csproj", "{23ABD402-F883-47AC-B6C3-47B9AE6C0689}"
EndProject
Project("{FAE04EC0-301F-11D3-BF4B-00C04F79EFBC}") = "UserService.DAL", "UserService.DAL\UserService.DAL.csproj", "{77FD1079-5739-4976-A699-A845EF9B7D8D}"
EndProject
Project("{FAE04EC0-301F-11D3-BF4B-00C04F79EFBC}") = "UserService.Domain", "UserService.Domain\UserService.Domain.csproj", "{7843E318-3032-4DB2-86C1-902CCA68B910}"
EndProject
Project("{FAE04EC0-301F-11D3-BF4B-00C04F79EFBC}") = "UserService.Application", "UserService.Application\UserService.Application.csproj", "{0BA9E6DC-25AA-4DD5-A9E4-C995DD44BA74}"
EndProject
Project("{2150E333-8FDC-42A3-9474-1A3956D46DE8}") = "Solution Items", "Solution Items", "{698106FC-1EA5-45C7-A39C-DC82811D0BB1}"
	ProjectSection(SolutionItems) = preProject
		docker-compose.yml = docker-compose.yml
		sonar-project.properties = sonar-project.properties
		.github\workflows\sonarqube.yml = .github\workflows\sonarqube.yml
		.github\workflows\tests.yml = .github\workflows\tests.yml
		.env = .env
		.github\workflows\docker.yml = .github\workflows\docker.yml
	EndProjectSection
EndProject
Project("{FAE04EC0-301F-11D3-BF4B-00C04F79EFBC}") = "UserService.Keycloak", "UserService.Keycloak\UserService.Keycloak.csproj", "{CEEC3CC5-A840-43BC-8A52-0D9F893D5467}"
EndProject
Project("{2150E333-8FDC-42A3-9474-1A3956D46DE8}") = "Test", "Test", "{0A359468-8E0A-49C1-BA27-9EF35E2230E1}"
EndProject
Project("{FAE04EC0-301F-11D3-BF4B-00C04F79EFBC}") = "UserService.Tests", "UserService.Tests\UserService.Tests.csproj", "{122DB01B-B8AA-4C85-B5E4-5140DDC7AACC}"
EndProject
Project("{FAE04EC0-301F-11D3-BF4B-00C04F79EFBC}") = "UserService.GraphQl", "UserService.GraphQl\UserService.GraphQl.csproj", "{0ED4AB3A-5B67-4570-9C78-5BCFBAC3B7BD}"
EndProject
Project("{FAE04EC0-301F-11D3-BF4B-00C04F79EFBC}") = "UserService.ReputationConsumer", "UserService.ReputationConsumer\UserService.ReputationConsumer.csproj", "{6B13329A-AC86-4E5C-80EE-F478CF3A4E38}"
EndProject
Project("{FAE04EC0-301F-11D3-BF4B-00C04F79EFBC}") = "UserService.BackgroundJobs", "UserService.BackgroundJobs\UserService.BackgroundJobs.csproj", "{ACA7FC3E-B58A-481D-91D3-1FC423A7175E}"
EndProject
Project("{FAE04EC0-301F-11D3-BF4B-00C04F79EFBC}") = "UserService.Grpc", "UserService.Grpc\UserService.Grpc.csproj", "{5539A244-DC4F-4639-A488-2FAECA271EA5}"
EndProject
Global
	GlobalSection(SolutionConfigurationPlatforms) = preSolution
		Debug|Any CPU = Debug|Any CPU
		Release|Any CPU = Release|Any CPU
	EndGlobalSection
	GlobalSection(ProjectConfigurationPlatforms) = postSolution
		{23ABD402-F883-47AC-B6C3-47B9AE6C0689}.Debug|Any CPU.ActiveCfg = Debug|Any CPU
		{23ABD402-F883-47AC-B6C3-47B9AE6C0689}.Debug|Any CPU.Build.0 = Debug|Any CPU
		{23ABD402-F883-47AC-B6C3-47B9AE6C0689}.Release|Any CPU.ActiveCfg = Release|Any CPU
		{23ABD402-F883-47AC-B6C3-47B9AE6C0689}.Release|Any CPU.Build.0 = Release|Any CPU
		{77FD1079-5739-4976-A699-A845EF9B7D8D}.Debug|Any CPU.ActiveCfg = Debug|Any CPU
		{77FD1079-5739-4976-A699-A845EF9B7D8D}.Debug|Any CPU.Build.0 = Debug|Any CPU
		{77FD1079-5739-4976-A699-A845EF9B7D8D}.Release|Any CPU.ActiveCfg = Release|Any CPU
		{77FD1079-5739-4976-A699-A845EF9B7D8D}.Release|Any CPU.Build.0 = Release|Any CPU
		{7843E318-3032-4DB2-86C1-902CCA68B910}.Debug|Any CPU.ActiveCfg = Debug|Any CPU
		{7843E318-3032-4DB2-86C1-902CCA68B910}.Debug|Any CPU.Build.0 = Debug|Any CPU
		{7843E318-3032-4DB2-86C1-902CCA68B910}.Release|Any CPU.ActiveCfg = Release|Any CPU
		{7843E318-3032-4DB2-86C1-902CCA68B910}.Release|Any CPU.Build.0 = Release|Any CPU
		{0BA9E6DC-25AA-4DD5-A9E4-C995DD44BA74}.Debug|Any CPU.ActiveCfg = Debug|Any CPU
		{0BA9E6DC-25AA-4DD5-A9E4-C995DD44BA74}.Debug|Any CPU.Build.0 = Debug|Any CPU
		{0BA9E6DC-25AA-4DD5-A9E4-C995DD44BA74}.Release|Any CPU.ActiveCfg = Release|Any CPU
		{0BA9E6DC-25AA-4DD5-A9E4-C995DD44BA74}.Release|Any CPU.Build.0 = Release|Any CPU
		{CEEC3CC5-A840-43BC-8A52-0D9F893D5467}.Debug|Any CPU.ActiveCfg = Debug|Any CPU
		{CEEC3CC5-A840-43BC-8A52-0D9F893D5467}.Debug|Any CPU.Build.0 = Debug|Any CPU
		{CEEC3CC5-A840-43BC-8A52-0D9F893D5467}.Release|Any CPU.ActiveCfg = Release|Any CPU
		{CEEC3CC5-A840-43BC-8A52-0D9F893D5467}.Release|Any CPU.Build.0 = Release|Any CPU
		{122DB01B-B8AA-4C85-B5E4-5140DDC7AACC}.Debug|Any CPU.ActiveCfg = Debug|Any CPU
		{122DB01B-B8AA-4C85-B5E4-5140DDC7AACC}.Debug|Any CPU.Build.0 = Debug|Any CPU
		{122DB01B-B8AA-4C85-B5E4-5140DDC7AACC}.Release|Any CPU.ActiveCfg = Release|Any CPU
		{122DB01B-B8AA-4C85-B5E4-5140DDC7AACC}.Release|Any CPU.Build.0 = Release|Any CPU
		{0ED4AB3A-5B67-4570-9C78-5BCFBAC3B7BD}.Debug|Any CPU.ActiveCfg = Debug|Any CPU
		{0ED4AB3A-5B67-4570-9C78-5BCFBAC3B7BD}.Debug|Any CPU.Build.0 = Debug|Any CPU
		{0ED4AB3A-5B67-4570-9C78-5BCFBAC3B7BD}.Release|Any CPU.ActiveCfg = Release|Any CPU
		{0ED4AB3A-5B67-4570-9C78-5BCFBAC3B7BD}.Release|Any CPU.Build.0 = Release|Any CPU
		{6B13329A-AC86-4E5C-80EE-F478CF3A4E38}.Debug|Any CPU.ActiveCfg = Debug|Any CPU
		{6B13329A-AC86-4E5C-80EE-F478CF3A4E38}.Debug|Any CPU.Build.0 = Debug|Any CPU
		{6B13329A-AC86-4E5C-80EE-F478CF3A4E38}.Release|Any CPU.ActiveCfg = Release|Any CPU
		{6B13329A-AC86-4E5C-80EE-F478CF3A4E38}.Release|Any CPU.Build.0 = Release|Any CPU
		{ACA7FC3E-B58A-481D-91D3-1FC423A7175E}.Debug|Any CPU.ActiveCfg = Debug|Any CPU
		{ACA7FC3E-B58A-481D-91D3-1FC423A7175E}.Debug|Any CPU.Build.0 = Debug|Any CPU
		{ACA7FC3E-B58A-481D-91D3-1FC423A7175E}.Release|Any CPU.ActiveCfg = Release|Any CPU
		{ACA7FC3E-B58A-481D-91D3-1FC423A7175E}.Release|Any CPU.Build.0 = Release|Any CPU
		{5539A244-DC4F-4639-A488-2FAECA271EA5}.Debug|Any CPU.ActiveCfg = Debug|Any CPU
		{5539A244-DC4F-4639-A488-2FAECA271EA5}.Debug|Any CPU.Build.0 = Debug|Any CPU
		{5539A244-DC4F-4639-A488-2FAECA271EA5}.Release|Any CPU.ActiveCfg = Release|Any CPU
		{5539A244-DC4F-4639-A488-2FAECA271EA5}.Release|Any CPU.Build.0 = Release|Any CPU
	EndGlobalSection
	GlobalSection(NestedProjects) = preSolution
		{23ABD402-F883-47AC-B6C3-47B9AE6C0689} = {C8C24C14-6921-4C65-8189-3D092F4FA102}
		{77FD1079-5739-4976-A699-A845EF9B7D8D} = {CAD2DC0D-768D-472B-85C1-800FCA227C54}
		{7843E318-3032-4DB2-86C1-902CCA68B910} = {E56496AA-29D3-4CA8-B24E-5B08780EE98B}
		{0BA9E6DC-25AA-4DD5-A9E4-C995DD44BA74} = {E56496AA-29D3-4CA8-B24E-5B08780EE98B}
		{CEEC3CC5-A840-43BC-8A52-0D9F893D5467} = {CAD2DC0D-768D-472B-85C1-800FCA227C54}
		{122DB01B-B8AA-4C85-B5E4-5140DDC7AACC} = {0A359468-8E0A-49C1-BA27-9EF35E2230E1}
		{0ED4AB3A-5B67-4570-9C78-5BCFBAC3B7BD} = {C8C24C14-6921-4C65-8189-3D092F4FA102}
		{6B13329A-AC86-4E5C-80EE-F478CF3A4E38} = {CAD2DC0D-768D-472B-85C1-800FCA227C54}
		{ACA7FC3E-B58A-481D-91D3-1FC423A7175E} = {CAD2DC0D-768D-472B-85C1-800FCA227C54}
		{5539A244-DC4F-4639-A488-2FAECA271EA5} = {C8C24C14-6921-4C65-8189-3D092F4FA102}
	EndGlobalSection
EndGlobal
